
Microsoft Visual Studio Solution File, Format Version 12.00
# Visual Studio Version 16
VisualStudioVersion = 16.0.31613.86
MinimumVisualStudioVersion = 10.0.40219.1
Project("{9A19103F-16F7-4668-BE54-9A1E7A4F7556}") = "ItspTest.Api", "ItspTest.Api\ItspTest.Api.csproj", "{DC99F59A-D429-4695-937A-D4E6EFD53217}"
EndProject
Project("{9A19103F-16F7-4668-BE54-9A1E7A4F7556}") = "ItspTest.Core", "ItspTest.Core\ItspTest.Core.csproj", "{D5E1F226-E59C-49B2-9472-34E5CCBE98C8}"
EndProject
Project("{2150E333-8FDC-42A3-9474-1A3956D46DE8}") = "UI", "UI", "{8D838627-45B0-41AE-955D-0D8FB752C7DE}"
EndProject
Project("{E53339B2-1760-4266-BCC7-CA923CBCF16C}") = "docker-compose", "docker-compose.dcproj", "{8EAA05A0-86DA-4B39-9B07-343F9F4E3E72}"
EndProject
Project("{E24C65DC-7377-472B-9ABA-BC803B73C61A}") = "Presentation", "Presentation\", "{145681AD-2FED-4EC9-BEC2-4C4281C03834}"
	ProjectSection(WebsiteProperties) = preProject
		TargetFrameworkMoniker = ".NETFramework,Version%3Dv4.0"
		Debug.AspNetCompiler.VirtualPath = "/localhost_56975"
		Debug.AspNetCompiler.PhysicalPath = "Presentation\"
		Debug.AspNetCompiler.TargetPath = "PrecompiledWeb\localhost_56975\"
		Debug.AspNetCompiler.Updateable = "true"
		Debug.AspNetCompiler.ForceOverwrite = "true"
		Debug.AspNetCompiler.FixedNames = "false"
		Debug.AspNetCompiler.Debug = "True"
		Release.AspNetCompiler.VirtualPath = "/localhost_56975"
		Release.AspNetCompiler.PhysicalPath = "Presentation\"
		Release.AspNetCompiler.TargetPath = "PrecompiledWeb\localhost_56975\"
		Release.AspNetCompiler.Updateable = "true"
		Release.AspNetCompiler.ForceOverwrite = "true"
		Release.AspNetCompiler.FixedNames = "false"
		Release.AspNetCompiler.Debug = "False"
		VWDPort = "56975"
		SlnRelativePath = "Presentation\"
	EndProjectSection
EndProject
Project("{2150E333-8FDC-42A3-9474-1A3956D46DE8}") = "Resources", "Resources", "{B3CD75B5-F50D-4B21-A3CD-AB891CCA16D4}"
	ProjectSection(SolutionItems) = preProject
		itsp-demo.gif = itsp-demo.gif
	EndProjectSection
EndProject
Global
	GlobalSection(SolutionConfigurationPlatforms) = preSolution
		Debug|Any CPU = Debug|Any CPU
		Release|Any CPU = Release|Any CPU
	EndGlobalSection
	GlobalSection(ProjectConfigurationPlatforms) = postSolution
		{DC99F59A-D429-4695-937A-D4E6EFD53217}.Debug|Any CPU.ActiveCfg = Debug|Any CPU
		{DC99F59A-D429-4695-937A-D4E6EFD53217}.Debug|Any CPU.Build.0 = Debug|Any CPU
		{DC99F59A-D429-4695-937A-D4E6EFD53217}.Release|Any CPU.ActiveCfg = Release|Any CPU
		{DC99F59A-D429-4695-937A-D4E6EFD53217}.Release|Any CPU.Build.0 = Release|Any CPU
		{D5E1F226-E59C-49B2-9472-34E5CCBE98C8}.Debug|Any CPU.ActiveCfg = Debug|Any CPU
		{D5E1F226-E59C-49B2-9472-34E5CCBE98C8}.Debug|Any CPU.Build.0 = Debug|Any CPU
		{D5E1F226-E59C-49B2-9472-34E5CCBE98C8}.Release|Any CPU.ActiveCfg = Release|Any CPU
		{D5E1F226-E59C-49B2-9472-34E5CCBE98C8}.Release|Any CPU.Build.0 = Release|Any CPU
		{8EAA05A0-86DA-4B39-9B07-343F9F4E3E72}.Debug|Any CPU.ActiveCfg = Debug|Any CPU
		{8EAA05A0-86DA-4B39-9B07-343F9F4E3E72}.Debug|Any CPU.Build.0 = Debug|Any CPU
		{8EAA05A0-86DA-4B39-9B07-343F9F4E3E72}.Release|Any CPU.ActiveCfg = Release|Any CPU
		{8EAA05A0-86DA-4B39-9B07-343F9F4E3E72}.Release|Any CPU.Build.0 = Release|Any CPU
		{145681AD-2FED-4EC9-BEC2-4C4281C03834}.Debug|Any CPU.ActiveCfg = Debug|Any CPU
		{145681AD-2FED-4EC9-BEC2-4C4281C03834}.Debug|Any CPU.Build.0 = Debug|Any CPU
		{145681AD-2FED-4EC9-BEC2-4C4281C03834}.Release|Any CPU.ActiveCfg = Debug|Any CPU
		{145681AD-2FED-4EC9-BEC2-4C4281C03834}.Release|Any CPU.Build.0 = Debug|Any CPU
	EndGlobalSection
	GlobalSection(SolutionProperties) = preSolution
		HideSolutionNode = FALSE
	EndGlobalSection
	GlobalSection(NestedProjects) = preSolution
		{145681AD-2FED-4EC9-BEC2-4C4281C03834} = {8D838627-45B0-41AE-955D-0D8FB752C7DE}
	EndGlobalSection
	GlobalSection(ExtensibilityGlobals) = postSolution
		SolutionGuid = {26B2681E-6921-40AD-8AB8-76AF389F5915}
	EndGlobalSection
EndGlobal
